{
  "name": "data-generators",
  "lockfileVersion": 3,
  "requires": true,
  "packages": {
    "": {
      "name": "data-generators",
      "dependencies": {
        "@unicode/unicode-16.0.0": "^2.0.7",
        "cldr-annotations-derived-full": "^48.2.0",
        "cldr-annotations-full": "^48.2.0",
        "cldr-core": "^48.2.0",
        "cldr-dates-full": "^48.2.0",
        "cldr-localenames-full": "^48.2.0",
        "emojibase-data": "^17.0.0",
        "html-entities": "^2.6.0",
        "mime-db": "^1.54.0"
      }
    },
    "node_modules/@unicode/unicode-16.0.0": {
      "version": "2.0.7",
      "resolved": "https://registry.npmjs.org/@unicode/unicode-16.0.0/-/unicode-16.0.0-2.0.7.tgz",
      "integrity": "sha512-+PweWTm91uY0lRsJxzIMP2CXVI9RH5Pksxi+pj4p6fyoTRQdTML6bXCrWmOvY9ZlJ3AJZ2LGZSuo1YoOG8LBYg==",
      "license": "MIT"
    },
    "node_modules/cldr-annotations-derived-full": {
      "version": "48.2.0",
      "resolved": "https://registry.npmjs.org/cldr-annotations-derived-full/-/cldr-annotations-derived-full-48.2.0.tgz",
      "integrity": "sha512-log62km+AOzI7n/NEuNNFV0mg9DWnt67EYCh1RwxZq9dyRuyteB586LT83Ke8TchEfnwI9cIk2P31zO4nTvZmw==",
      "license": "Unicode-3.0"
    },
    "node_modules/cldr-annotations-full": {
      "version": "48.2.0",
      "resolved": "https://registry.npmjs.org/cldr-annotations-full/-/cldr-annotations-full-48.2.0.tgz",
      "integrity": "sha512-DV7A+rEcgUSNTRsVGNGqBZRmAkGfwhGHO5Q1dRwzBoBnVrHWp804JP7/QJdEc66iHmx3+zLWVIMCFLm0lW7PUQ==",
      "license": "Unicode-3.0"
    },
    "node_modules/cldr-core": {
      "version": "48.2.0",
      "resolved": "https://registry.npmjs.org/cldr-core/-/cldr-core-48.2.0.tgz",
      "integrity": "sha512-zfmLothncSwfv2jlevoSrgI2VGgH8SDGHXst6jUEotHA8nq9Igeg9jzdJDFtBso9pgJuG89DK16TzrmZDdo2Bg==",
      "license": "Unicode-3.0"
    },
    "node_modules/cldr-dates-full": {
      "version": "48.2.0",
      "resolved": "https://registry.npmjs.org/cldr-dates-full/-/cldr-dates-full-48.2.0.tgz",
      "integrity": "sha512-zMrKvjMO414HDftLr6vKH1fNQHakFNe+F1h4S0eg+zmL4WRi9pI41fxB3UrTJDY42MEM87jCuAw/qlqCgYKcAQ==",
      "license": "Unicode-3.0",
      "peerDependencies": {
        "cldr-numbers-full": "48.2.0"
      }
    },
    "node_modules/cldr-localenames-full": {
      "version": "48.2.0",
      "resolved": "https://registry.npmjs.org/cldr-localenames-full/-/cldr-localenames-full-48.2.0.tgz",
      "integrity": "sha512-4o0paYDz0UXhfhChAVFkmVl2CP0YTSEqE6WrC0fNafaSC5u5DAXphxH3SZ1Ujczarikr8DToKZfiok6EqWLdNQ==",
      "license": "Unicode-3.0",
      "peerDependencies": {
        "cldr-core": "48.2.0"
      }
    },
    "node_modules/cldr-numbers-full": {
      "version": "48.2.0",
      "resolved": "https://registry.npmjs.org/cldr-numbers-full/-/cldr-numbers-full-48.2.0.tgz",
      "integrity": "sha512-0EQ+UkVDsyXOlxnWnL1RIENVZFqCnb04D1Yrku0obnOyttbuZz8tHmUd5c5AEvhGS/Gg2zI4fTaCm51LSGITog==",
      "license": "Unicode-3.0",
      "peer": true,
      "peerDependencies": {
        "cldr-core": "48.2.0"
      }
    },
    "node_modules/emojibase": {
      "version": "17.0.0",
      "resolved": "https://registry.npmjs.org/emojibase/-/emojibase-17.0.0.tgz",
      "integrity": "sha512-bXdpf4HPY3p41zK5swVKZdC/VynsMZ4LoLxdYDE+GucqkFwzcM1GVc4ODfYAlwoKaf2U2oNNUoOO78N96ovpBA==",
      "license": "MIT",
      "peer": true,
      "engines": {
        "node": ">=18.12.0"
      },
      "funding": {
        "type": "ko-fi",
        "url": "https://ko-fi.com/milesjohnson"
      }
    },
    "node_modules/emojibase-data": {
      "version": "17.0.0",
      "resolved": "https://registry.npmjs.org/emojibase-data/-/emojibase-data-17.0.0.tgz",
      "integrity": "sha512-Yvgb5AWoHViHV/gq1qr5ZAarcBip+B27/ZLRsUJkbgAEaLlZ/fof9g882LTpmEpyhBNEC0m2SEmItljHsTygjA==",
      "license": "MIT",
      "funding": {
        "type": "ko-fi",
        "url": "https://ko-fi.com/milesjohnson"
      },
      "peerDependencies": {
        "emojibase": "*"
      }
    },
    "node_modules/html-entities": {
      "version": "2.6.0",
      "resolved": "https://registry.npmjs.org/html-entities/-/html-entities-2.6.0.tgz",
      "integrity": "sha512-kig+rMn/QOVRvr7c86gQ8lWXq+Hkv6CbAH1hLu+RG338StTpE8Z0b44SDVaqVu7HGKf27frdmUYEs9hTUX/cLQ==",
      "funding": [
        {
          "type": "github",
          "url": "https://github.com/sponsors/mdevils"
        },
        {
          "type": "patreon",
          "url": "https://patreon.com/mdevils"
        }
      ],
      "license": "MIT"
    },
    "node_modules/mime-db": {
      "version": "1.54.0",
      "resolved": "https://registry.npmjs.org/mime-db/-/mime-db-1.54.0.tgz",
      "integrity": "sha512-aU5EJuIN2WDemCcAp2vFBfp/m4EAhWJnUNSSw0ixs7/kXbd6Pg64EmwJkNdFhB8aWt1sH2CTXrLxo/iAGV3oPQ==",
      "license": "MIT",
      "engines": {
        "node": ">= 0.6"
      }
    }
  }
}
